
Microsoft Visual Studio Solution File, Format Version 12.00
# Visual Studio Version 16
VisualStudioVersion = 16.0.31624.102
MinimumVisualStudioVersion = 10.0.40219.1
Project("{FAE04EC0-301F-11D3-BF4B-00C04F79EFBC}") = "CabInvoiceGenerator", "CabInvoiceGenerator.csproj", "{9449677F-2754-46E2-AD4D-CBD76D45C869}"
EndProject
Project("{FAE04EC0-301F-11D3-BF4B-00C04F79EFBC}") = "CabInvoiceGeneratorTest", "..\CabInvoiceGeneratorTest\CabInvoiceGeneratorTest.csproj", "{F870EEEC-6307-4C8C-A0D9-867A14BB37B1}"
EndProject
Global
	GlobalSection(SolutionConfigurationPlatforms) = preSolution
		Debug|Any CPU = Debug|Any CPU
		Release|Any CPU = Release|Any CPU
	EndGlobalSection
	GlobalSection(ProjectConfigurationPlatforms) = postSolution
		{9449677F-2754-46E2-AD4D-CBD76D45C869}.Debug|Any CPU.ActiveCfg = Debug|Any CPU
		{9449677F-2754-46E2-AD4D-CBD76D45C869}.Debug|Any CPU.Build.0 = Debug|Any CPU
		{9449677F-2754-46E2-AD4D-CBD76D45C869}.Release|Any CPU.ActiveCfg = Release|Any CPU
		{9449677F-2754-46E2-AD4D-CBD76D45C869}.Release|Any CPU.Build.0 = Release|Any CPU
		{F870EEEC-6307-4C8C-A0D9-867A14BB37B1}.Debug|Any CPU.ActiveCfg = Debug|Any CPU
		{F870EEEC-6307-4C8C-A0D9-867A14BB37B1}.Debug|Any CPU.Build.0 = Debug|Any CPU
		{F870EEEC-6307-4C8C-A0D9-867A14BB37B1}.Release|Any CPU.ActiveCfg = Release|Any CPU
		{F870EEEC-6307-4C8C-A0D9-867A14BB37B1}.Release|Any CPU.Build.0 = Release|Any CPU
	EndGlobalSection
	GlobalSection(SolutionProperties) = preSolution
		HideSolutionNode = FALSE
	EndGlobalSection
	GlobalSection(ExtensibilityGlobals) = postSolution
		SolutionGuid = {E195166F-4EC5-40C2-B793-9BF5AB09142D}
	EndGlobalSection
EndGlobal
